{
  "name": "pnt-data-requester",
  "version": "1.0.0",
  "lockfileVersion": 2,
  "requires": true,
  "packages": {
    "": {
      "name": "pnt-data-requester",
      "version": "1.0.0",
      "license": "ISC",
      "dependencies": {
        "chrome-launcher": "^1.0.0",
        "chrome-remote-interface": "^0.33.0"
      }
    },
    "node_modules/@types/node": {
      "version": "20.6.0",
      "resolved": "https://registry.npmjs.org/@types/node/-/node-20.6.0.tgz",
      "integrity": "sha512-najjVq5KN2vsH2U/xyh2opaSEz6cZMR2SetLIlxlj08nOcmPOemJmUK2o4kUzfLqfrWE0PIrNeE16XhYDd3nqg=="
    },
    "node_modules/chrome-launcher": {
      "version": "1.0.0",
      "resolved": "https://registry.npmjs.org/chrome-launcher/-/chrome-launcher-1.0.0.tgz",
      "integrity": "sha512-74IMFVfgni/bQ4GotUNJpH2vDR+Sh9cXNPVhPXiedeiB0+5j7/8i8LAqS7WlyNSKqtxJ/CgbOpBDPLkzqDVhlw==",
      "dependencies": {
        "@types/node": "*",
        "escape-string-regexp": "^4.0.0",
        "is-wsl": "^2.2.0",
        "lighthouse-logger": "^2.0.1"
      },
      "bin": {
        "print-chrome-path": "bin/print-chrome-path.js"
      },
      "engines": {
        "node": ">=12.13.0"
      }
    },
    "node_modules/chrome-remote-interface": {
      "version": "0.33.0",
      "resolved": "https://registry.npmjs.org/chrome-remote-interface/-/chrome-remote-interface-0.33.0.tgz",
      "integrity": "sha512-tv/SgeBfShXk43fwFpQ9wnS7mOCPzETnzDXTNxCb6TqKOiOeIfbrJz+2NAp8GmzwizpKa058wnU1Te7apONaYg==",
      "dependencies": {
        "commander": "2.11.x",
        "ws": "^7.2.0"
      },
      "bin": {
        "chrome-remote-interface": "bin/client.js"
      }
    },
    "node_modules/commander": {
      "version": "2.11.0",
      "resolved": "https://registry.npmjs.org/commander/-/commander-2.11.0.tgz",
      "integrity": "sha512-b0553uYA5YAEGgyYIGYROzKQ7X5RAqedkfjiZxwi0kL1g3bOaBNNZfYkzt/CL0umgD5wc9Jec2FbB98CjkMRvQ=="
    },
    "node_modules/debug": {
      "version": "2.6.9",
      "resolved": "https://registry.npmjs.org/debug/-/debug-2.6.9.tgz",
      "integrity": "sha512-bC7ElrdJaJnPbAP+1EotYvqZsb3ecl5wi6Bfi6BJTUcNowp6cvspg0jXznRTKDjm/E7AdgFBVeAPVMNcKGsHMA==",
      "dependencies": {
        "ms": "2.0.0"
      }
    },
    "node_modules/escape-string-regexp": {
      "version": "4.0.0",
      "resolved": "https://registry.npmjs.org/escape-string-regexp/-/escape-string-regexp-4.0.0.tgz",
      "integrity": "sha512-TtpcNJ3XAzx3Gq8sWRzJaVajRs0uVxA2YAkdb1jm2YkPz4G6egUFAyA3n5vtEIZefPk5Wa4UXbKuS5fKkJWdgA==",
      "engines": {
        "node": ">=10"
      },
      "funding": {
        "url": "https://github.com/sponsors/sindresorhus"
      }
    },
    "node_modules/is-docker": {
      "version": "2.2.1",
      "resolved": "https://registry.npmjs.org/is-docker/-/is-docker-2.2.1.tgz",
      "integrity": "sha512-F+i2BKsFrH66iaUFc0woD8sLy8getkwTwtOBjvs56Cx4CgJDeKQeqfz8wAYiSb8JOprWhHH5p77PbmYCvvUuXQ==",
      "bin": {
        "is-docker": "cli.js"
      },
      "engines": {
        "node": ">=8"
      },
      "funding": {
        "url": "https://github.com/sponsors/sindresorhus"
      }
    },
    "node_modules/is-wsl": {
      "version": "2.2.0",
      "resolved": "https://registry.npmjs.org/is-wsl/-/is-wsl-2.2.0.tgz",
      "integrity": "sha512-fKzAra0rGJUUBwGBgNkHZuToZcn+TtXHpeCgmkMJMMYx1sQDYaCSyjJBSCa2nH1DGm7s3n1oBnohoVTBaN7Lww==",
      "dependencies": {
        "is-docker": "^2.0.0"
      },
      "engines": {
        "node": ">=8"
      }
    },
    "node_modules/lighthouse-logger": {
      "version": "2.0.1",
      "resolved": "https://registry.npmjs.org/lighthouse-logger/-/lighthouse-logger-2.0.1.tgz",
      "integrity": "sha512-ioBrW3s2i97noEmnXxmUq7cjIcVRjT5HBpAYy8zE11CxU9HqlWHHeRxfeN1tn8F7OEMVPIC9x1f8t3Z7US9ehQ==",
      "dependencies": {
        "debug": "^2.6.9",
        "marky": "^1.2.2"
      }
    },
    "node_modules/marky": {
      "version": "1.2.5",
      "resolved": "https://registry.npmjs.org/marky/-/marky-1.2.5.tgz",
      "integrity": "sha512-q9JtQJKjpsVxCRVgQ+WapguSbKC3SQ5HEzFGPAJMStgh3QjCawp00UKv3MTTAArTmGmmPUvllHZoNbZ3gs0I+Q=="
    },
    "node_modules/ms": {
      "version": "2.0.0",
      "resolved": "https://registry.npmjs.org/ms/-/ms-2.0.0.tgz",
      "integrity": "sha512-Tpp60P6IUJDTuOq/5Z8cdskzJujfwqfOTkrwIwj7IRISpnkJnT6SyJ4PCPnGMoFjC9ddhal5KVIYtAt97ix05A=="
    },
    "node_modules/ws": {
      "version": "7.5.9",
      "resolved": "https://registry.npmjs.org/ws/-/ws-7.5.9.tgz",
      "integrity": "sha512-F+P9Jil7UiSKSkppIiD94dN07AwvFixvLIj1Og1Rl9GGMuNipJnV9JzjD6XuqmAeiswGvUmNLjr5cFuXwNS77Q==",
      "engines": {
        "node": ">=8.3.0"
      },
      "peerDependencies": {
        "bufferutil": "^4.0.1",
        "utf-8-validate": "^5.0.2"
      },
      "peerDependenciesMeta": {
        "bufferutil": {
          "optional": true
        },
        "utf-8-validate": {
          "optional": true
        }
      }
    }
  },
  "dependencies": {
    "@types/node": {
      "version": "20.6.0",
      "resolved": "https://registry.npmjs.org/@types/node/-/node-20.6.0.tgz",
      "integrity": "sha512-najjVq5KN2vsH2U/xyh2opaSEz6cZMR2SetLIlxlj08nOcmPOemJmUK2o4kUzfLqfrWE0PIrNeE16XhYDd3nqg=="
    },
    "chrome-launcher": {
      "version": "1.0.0",
      "resolved": "https://registry.npmjs.org/chrome-launcher/-/chrome-launcher-1.0.0.tgz",
      "integrity": "sha512-74IMFVfgni/bQ4GotUNJpH2vDR+Sh9cXNPVhPXiedeiB0+5j7/8i8LAqS7WlyNSKqtxJ/CgbOpBDPLkzqDVhlw==",
      "requires": {
        "@types/node": "*",
        "escape-string-regexp": "^4.0.0",
        "is-wsl": "^2.2.0",
        "lighthouse-logger": "^2.0.1"
      }
    },
    "chrome-remote-interface": {
      "version": "0.33.0",
      "resolved": "https://registry.npmjs.org/chrome-remote-interface/-/chrome-remote-interface-0.33.0.tgz",
      "integrity": "sha512-tv/SgeBfShXk43fwFpQ9wnS7mOCPzETnzDXTNxCb6TqKOiOeIfbrJz+2NAp8GmzwizpKa058wnU1Te7apONaYg==",
      "requires": {
        "commander": "2.11.x",
        "ws": "^7.2.0"
      }
    },
    "commander": {
      "version": "2.11.0",
      "resolved": "https://registry.npmjs.org/commander/-/commander-2.11.0.tgz",
      "integrity": "sha512-b0553uYA5YAEGgyYIGYROzKQ7X5RAqedkfjiZxwi0kL1g3bOaBNNZfYkzt/CL0umgD5wc9Jec2FbB98CjkMRvQ=="
    },
    "debug": {
      "version": "2.6.9",
      "resolved": "https://registry.npmjs.org/debug/-/debug-2.6.9.tgz",
      "integrity": "sha512-bC7ElrdJaJnPbAP+1EotYvqZsb3ecl5wi6Bfi6BJTUcNowp6cvspg0jXznRTKDjm/E7AdgFBVeAPVMNcKGsHMA==",
      "requires": {
        "ms": "2.0.0"
      }
    },
    "escape-string-regexp": {
      "version": "4.0.0",
      "resolved": "https://registry.npmjs.org/escape-string-regexp/-/escape-string-regexp-4.0.0.tgz",
      "integrity": "sha512-TtpcNJ3XAzx3Gq8sWRzJaVajRs0uVxA2YAkdb1jm2YkPz4G6egUFAyA3n5vtEIZefPk5Wa4UXbKuS5fKkJWdgA=="
    },
    "is-docker": {
      "version": "2.2.1",
      "resolved": "https://registry.npmjs.org/is-docker/-/is-docker-2.2.1.tgz",
      "integrity": "sha512-F+i2BKsFrH66iaUFc0woD8sLy8getkwTwtOBjvs56Cx4CgJDeKQeqfz8wAYiSb8JOprWhHH5p77PbmYCvvUuXQ=="
    },
    "is-wsl": {
      "version": "2.2.0",
      "resolved": "https://registry.npmjs.org/is-wsl/-/is-wsl-2.2.0.tgz",
      "integrity": "sha512-fKzAra0rGJUUBwGBgNkHZuToZcn+TtXHpeCgmkMJMMYx1sQDYaCSyjJBSCa2nH1DGm7s3n1oBnohoVTBaN7Lww==",
      "requires": {
        "is-docker": "^2.0.0"
      }
    },
    "lighthouse-logger": {
      "version": "2.0.1",
      "resolved": "https://registry.npmjs.org/lighthouse-logger/-/lighthouse-logger-2.0.1.tgz",
      "integrity": "sha512-ioBrW3s2i97noEmnXxmUq7cjIcVRjT5HBpAYy8zE11CxU9HqlWHHeRxfeN1tn8F7OEMVPIC9x1f8t3Z7US9ehQ==",
      "requires": {
        "debug": "^2.6.9",
        "marky": "^1.2.2"
      }
    },
    "marky": {
      "version": "1.2.5",
      "resolved": "https://registry.npmjs.org/marky/-/marky-1.2.5.tgz",
      "integrity": "sha512-q9JtQJKjpsVxCRVgQ+WapguSbKC3SQ5HEzFGPAJMStgh3QjCawp00UKv3MTTAArTmGmmPUvllHZoNbZ3gs0I+Q=="
    },
    "ms": {
      "version": "2.0.0",
      "resolved": "https://registry.npmjs.org/ms/-/ms-2.0.0.tgz",
      "integrity": "sha512-Tpp60P6IUJDTuOq/5Z8cdskzJujfwqfOTkrwIwj7IRISpnkJnT6SyJ4PCPnGMoFjC9ddhal5KVIYtAt97ix05A=="
    },
    "ws": {
      "version": "7.5.9",
      "resolved": "https://registry.npmjs.org/ws/-/ws-7.5.9.tgz",
      "integrity": "sha512-F+P9Jil7UiSKSkppIiD94dN07AwvFixvLIj1Og1Rl9GGMuNipJnV9JzjD6XuqmAeiswGvUmNLjr5cFuXwNS77Q==",
      "requires": {}
    }
  }
}
